
Microsoft Visual Studio Solution File, Format Version 12.00
# Visual Studio Version 17
VisualStudioVersion = 17.14.36301.6
MinimumVisualStudioVersion = 10.0.40219.1
Project("{2150E333-8FDC-42A3-9474-1A3956D46DE8}") = "src", "src", "{02EA681E-C7D8-13C7-8484-4AC65E1B71E8}"
EndProject
Project("{FAE04EC0-301F-11D3-BF4B-00C04F79EFBC}") = "PersonaManager.Domain", "src\PersonaManager.Domain\PersonaManager.Domain.csproj", "{2BA4B5F3-A278-49F4-BC72-FFEAA3962915}"
EndProject
Project("{2150E333-8FDC-42A3-9474-1A3956D46DE8}") = "test", "test", "{455A8351-6435-436F-B0B5-8346C2D2A6C4}"
EndProject
Project("{FAE04EC0-301F-11D3-BF4B-00C04F79EFBC}") = "PersonalManager.Application", "src\PersonalManager.Application\PersonalManager.Application.csproj", "{AF988395-A646-41D7-8961-46F23268C0AD}"
EndProject
Global
	GlobalSection(SolutionConfigurationPlatforms) = preSolution
		Debug|Any CPU = Debug|Any CPU
		Release|Any CPU = Release|Any CPU
	EndGlobalSection
	GlobalSection(ProjectConfigurationPlatforms) = postSolution
		{2BA4B5F3-A278-49F4-BC72-FFEAA3962915}.Debug|Any CPU.ActiveCfg = Debug|Any CPU
		{2BA4B5F3-A278-49F4-BC72-FFEAA3962915}.Debug|Any CPU.Build.0 = Debug|Any CPU
		{2BA4B5F3-A278-49F4-BC72-FFEAA3962915}.Release|Any CPU.ActiveCfg = Release|Any CPU
		{2BA4B5F3-A278-49F4-BC72-FFEAA3962915}.Release|Any CPU.Build.0 = Release|Any CPU
		{AF988395-A646-41D7-8961-46F23268C0AD}.Debug|Any CPU.ActiveCfg = Debug|Any CPU
		{AF988395-A646-41D7-8961-46F23268C0AD}.Debug|Any CPU.Build.0 = Debug|Any CPU
		{AF988395-A646-41D7-8961-46F23268C0AD}.Release|Any CPU.ActiveCfg = Release|Any CPU
		{AF988395-A646-41D7-8961-46F23268C0AD}.Release|Any CPU.Build.0 = Release|Any CPU
	EndGlobalSection
	GlobalSection(SolutionProperties) = preSolution
		HideSolutionNode = FALSE
	EndGlobalSection
	GlobalSection(NestedProjects) = preSolution
		{2BA4B5F3-A278-49F4-BC72-FFEAA3962915} = {02EA681E-C7D8-13C7-8484-4AC65E1B71E8}
		{AF988395-A646-41D7-8961-46F23268C0AD} = {02EA681E-C7D8-13C7-8484-4AC65E1B71E8}
	EndGlobalSection
	GlobalSection(ExtensibilityGlobals) = postSolution
		SolutionGuid = {7129EFCF-A58A-4B2D-B65D-76622C0B3505}
	EndGlobalSection
EndGlobal
